
Microsoft Visual Studio Solution File, Format Version 12.00
# Visual Studio Version 16
VisualStudioVersion = 16.0.29519.181
MinimumVisualStudioVersion = 10.0.40219.1
Project("{2150E333-8FDC-42A3-9474-1A3956D46DE8}") = "ui", "ui", "{AA25C0DC-5D0B-4AB7-A80E-8D5FC7AD03CE}"
EndProject
Project("{FAE04EC0-301F-11D3-BF4B-00C04F79EFBC}") = "Student.Web", "src\Student.Web\Student.Web.csproj", "{9250C727-C522-4277-98C2-14C18FEEC4DA}"
EndProject
Global
	GlobalSection(SolutionConfigurationPlatforms) = preSolution
		Debug|Any CPU = Debug|Any CPU
		Release|Any CPU = Release|Any CPU
	EndGlobalSection
	GlobalSection(ProjectConfigurationPlatforms) = postSolution
		{9250C727-C522-4277-98C2-14C18FEEC4DA}.Debug|Any CPU.ActiveCfg = Debug|Any CPU
		{9250C727-C522-4277-98C2-14C18FEEC4DA}.Debug|Any CPU.Build.0 = Debug|Any CPU
		{9250C727-C522-4277-98C2-14C18FEEC4DA}.Release|Any CPU.ActiveCfg = Release|Any CPU
		{9250C727-C522-4277-98C2-14C18FEEC4DA}.Release|Any CPU.Build.0 = Release|Any CPU
	EndGlobalSection
	GlobalSection(SolutionProperties) = preSolution
		HideSolutionNode = FALSE
	EndGlobalSection
	GlobalSection(NestedProjects) = preSolution
		{9250C727-C522-4277-98C2-14C18FEEC4DA} = {AA25C0DC-5D0B-4AB7-A80E-8D5FC7AD03CE}
	EndGlobalSection
	GlobalSection(ExtensibilityGlobals) = postSolution
		SolutionGuid = {5EBC791A-1816-4B8C-BECA-EDBCEB342F05}
	EndGlobalSection
EndGlobal
