
Microsoft Visual Studio Solution File, Format Version 12.00
# Visual Studio 15
VisualStudioVersion = 15.0.28010.2050
MinimumVisualStudioVersion = 10.0.40219.1
Project("{2150E333-8FDC-42A3-9474-1A3956D46DE8}") = "UI", "UI", "{73C51D70-16A4-432E-A3AE-7173B74B6316}"
EndProject
Project("{2150E333-8FDC-42A3-9474-1A3956D46DE8}") = "Test", "Test", "{6DA64474-75BD-4400-A9EF-30072CB89161}"
EndProject
Project("{2150E333-8FDC-42A3-9474-1A3956D46DE8}") = "Application", "Application", "{02D1D595-7649-445B-BCB6-C7EA693CE78B}"
EndProject
Project("{2150E333-8FDC-42A3-9474-1A3956D46DE8}") = "Repository", "Repository", "{683167C3-4DAD-4750-88F9-F27541B7FB99}"
EndProject
Project("{9A19103F-16F7-4668-BE54-9A1E7A4F7556}") = "Student.Web", "src\Student.Web\Student.Web.csproj", "{68024B1D-BA61-44EE-85F5-00607FD2EE87}"
EndProject
Project("{2150E333-8FDC-42A3-9474-1A3956D46DE8}") = "Infrastructure", "Infrastructure", "{CE16A4BF-0718-4D47-A073-15AC94DD76D9}"
EndProject
Project("{9A19103F-16F7-4668-BE54-9A1E7A4F7556}") = "Student.Repositories", "src\Student.Repositories\Student.Repositories.csproj", "{62ACDC7E-0794-4A31-A88C-86D188448CF8}"
EndProject
Project("{9A19103F-16F7-4668-BE54-9A1E7A4F7556}") = "Student.Web.Core", "src\Student.Web.Core\Student.Web.Core.csproj", "{F422C7DE-C714-4631-A828-B81B6706FA9F}"
EndProject
Project("{FAE04EC0-301F-11D3-BF4B-00C04F79EFBC}") = "Student.Core", "src\Student.Core\Student.Core.csproj", "{F64053E8-057B-4623-86EE-FE759654044B}"
EndProject
Project("{9A19103F-16F7-4668-BE54-9A1E7A4F7556}") = "Student.Domain", "src\Student.Domain\Student.Domain.csproj", "{02CFBDEB-E922-483F-B29D-17E2EA1F3FE3}"
EndProject
Project("{FAE04EC0-301F-11D3-BF4B-00C04F79EFBC}") = "Student.Application", "src\Student.Application\Student.Application.csproj", "{C53F1325-9532-4DEF-BD4F-CABEE0BC6907}"
EndProject
Global
	GlobalSection(SolutionConfigurationPlatforms) = preSolution
		Debug|Any CPU = Debug|Any CPU
		Release|Any CPU = Release|Any CPU
	EndGlobalSection
	GlobalSection(ProjectConfigurationPlatforms) = postSolution
		{68024B1D-BA61-44EE-85F5-00607FD2EE87}.Debug|Any CPU.ActiveCfg = Debug|Any CPU
		{68024B1D-BA61-44EE-85F5-00607FD2EE87}.Debug|Any CPU.Build.0 = Debug|Any CPU
		{68024B1D-BA61-44EE-85F5-00607FD2EE87}.Release|Any CPU.ActiveCfg = Release|Any CPU
		{68024B1D-BA61-44EE-85F5-00607FD2EE87}.Release|Any CPU.Build.0 = Release|Any CPU
		{62ACDC7E-0794-4A31-A88C-86D188448CF8}.Debug|Any CPU.ActiveCfg = Debug|Any CPU
		{62ACDC7E-0794-4A31-A88C-86D188448CF8}.Debug|Any CPU.Build.0 = Debug|Any CPU
		{62ACDC7E-0794-4A31-A88C-86D188448CF8}.Release|Any CPU.ActiveCfg = Release|Any CPU
		{62ACDC7E-0794-4A31-A88C-86D188448CF8}.Release|Any CPU.Build.0 = Release|Any CPU
		{F422C7DE-C714-4631-A828-B81B6706FA9F}.Debug|Any CPU.ActiveCfg = Debug|Any CPU
		{F422C7DE-C714-4631-A828-B81B6706FA9F}.Debug|Any CPU.Build.0 = Debug|Any CPU
		{F422C7DE-C714-4631-A828-B81B6706FA9F}.Release|Any CPU.ActiveCfg = Release|Any CPU
		{F422C7DE-C714-4631-A828-B81B6706FA9F}.Release|Any CPU.Build.0 = Release|Any CPU
		{F64053E8-057B-4623-86EE-FE759654044B}.Debug|Any CPU.ActiveCfg = Debug|Any CPU
		{F64053E8-057B-4623-86EE-FE759654044B}.Debug|Any CPU.Build.0 = Debug|Any CPU
		{F64053E8-057B-4623-86EE-FE759654044B}.Release|Any CPU.ActiveCfg = Release|Any CPU
		{F64053E8-057B-4623-86EE-FE759654044B}.Release|Any CPU.Build.0 = Release|Any CPU
		{02CFBDEB-E922-483F-B29D-17E2EA1F3FE3}.Debug|Any CPU.ActiveCfg = Debug|Any CPU
		{02CFBDEB-E922-483F-B29D-17E2EA1F3FE3}.Debug|Any CPU.Build.0 = Debug|Any CPU
		{02CFBDEB-E922-483F-B29D-17E2EA1F3FE3}.Release|Any CPU.ActiveCfg = Release|Any CPU
		{02CFBDEB-E922-483F-B29D-17E2EA1F3FE3}.Release|Any CPU.Build.0 = Release|Any CPU
		{C53F1325-9532-4DEF-BD4F-CABEE0BC6907}.Debug|Any CPU.ActiveCfg = Debug|Any CPU
		{C53F1325-9532-4DEF-BD4F-CABEE0BC6907}.Debug|Any CPU.Build.0 = Debug|Any CPU
		{C53F1325-9532-4DEF-BD4F-CABEE0BC6907}.Release|Any CPU.ActiveCfg = Release|Any CPU
		{C53F1325-9532-4DEF-BD4F-CABEE0BC6907}.Release|Any CPU.Build.0 = Release|Any CPU
	EndGlobalSection
	GlobalSection(SolutionProperties) = preSolution
		HideSolutionNode = FALSE
	EndGlobalSection
	GlobalSection(NestedProjects) = preSolution
		{68024B1D-BA61-44EE-85F5-00607FD2EE87} = {73C51D70-16A4-432E-A3AE-7173B74B6316}
		{62ACDC7E-0794-4A31-A88C-86D188448CF8} = {683167C3-4DAD-4750-88F9-F27541B7FB99}
		{F422C7DE-C714-4631-A828-B81B6706FA9F} = {CE16A4BF-0718-4D47-A073-15AC94DD76D9}
		{F64053E8-057B-4623-86EE-FE759654044B} = {CE16A4BF-0718-4D47-A073-15AC94DD76D9}
		{02CFBDEB-E922-483F-B29D-17E2EA1F3FE3} = {CE16A4BF-0718-4D47-A073-15AC94DD76D9}
		{C53F1325-9532-4DEF-BD4F-CABEE0BC6907} = {02D1D595-7649-445B-BCB6-C7EA693CE78B}
	EndGlobalSection
	GlobalSection(ExtensibilityGlobals) = postSolution
		SolutionGuid = {78CEAEEA-99C9-4D56-B9DD-BE53F51A6E08}
	EndGlobalSection
EndGlobal
